
Microsoft Visual Studio Solution File, Format Version 12.00
# Visual Studio Version 17
VisualStudioVersion = 17.2.32526.322
MinimumVisualStudioVersion = 10.0.40219.1
Project("{2150E333-8FDC-42A3-9474-1A3956D46DE8}") = "common", "common", "{825ECBE5-30F9-45FC-B9B3-A51EEE7666B0}"
	ProjectSection(SolutionItems) = preProject
		README.md = README.md
	EndProjectSection
EndProject
Project("{2150E333-8FDC-42A3-9474-1A3956D46DE8}") = "OxTS", "OxTS", "{65B955C1-324A-4268-B4BA-C8DDD564461C}"
EndProject
Project("{2150E333-8FDC-42A3-9474-1A3956D46DE8}") = "OxTS.NCOM", "OxTS.NCOM", "{59DB14C5-65ED-4402-87DA-AB272AE2C0FC}"
EndProject
Project("{9A19103F-16F7-4668-BE54-9A1E7A4F7556}") = "OxTS", "OxTS\src\OxTS.csproj", "{5FA41BAC-3128-4A17-ABA4-BE646A4C5C76}"
EndProject
Project("{9A19103F-16F7-4668-BE54-9A1E7A4F7556}") = "OxTS.Tests", "OxTS\tests\OxTS.Tests.csproj", "{4C887ECA-54BC-4D37-A72F-EDE90433BE5C}"
EndProject
Project("{9A19103F-16F7-4668-BE54-9A1E7A4F7556}") = "OxTS.NCOM", "OxTS.NCOM\src\OxTS.NCOM.csproj", "{285BFA72-B8ED-40FA-B457-7FCF8B89E122}"
EndProject
Project("{9A19103F-16F7-4668-BE54-9A1E7A4F7556}") = "OxTS.NCOM.Tests", "OxTS.NCOM\tests\OxTS.NCOM.Tests.csproj", "{65637B7B-F15A-4C40-A244-4B5FA4CB9489}"
EndProject
Project("{9A19103F-16F7-4668-BE54-9A1E7A4F7556}") = "OxTS.NCOM.Generators", "OxTS.NCOM\generators\OxTS.NCOM.Generators.csproj", "{EDC3BCAC-2558-45EB-A007-7F9CA4B0A0E1}"
EndProject
Project("{2150E333-8FDC-42A3-9474-1A3956D46DE8}") = ".github", ".github", "{B99CC9C5-0E43-4CD9-B39B-9AC298FD66B6}"
EndProject
Project("{2150E333-8FDC-42A3-9474-1A3956D46DE8}") = "workflows", "workflows", "{DD07F0EA-F8AA-443F-8EFB-974E48564B80}"
	ProjectSection(SolutionItems) = preProject
		.github\workflows\build.yml = .github\workflows\build.yml
	EndProjectSection
EndProject
Global
	GlobalSection(SolutionConfigurationPlatforms) = preSolution
		Debug|Any CPU = Debug|Any CPU
		Release|Any CPU = Release|Any CPU
	EndGlobalSection
	GlobalSection(ProjectConfigurationPlatforms) = postSolution
		{5FA41BAC-3128-4A17-ABA4-BE646A4C5C76}.Debug|Any CPU.ActiveCfg = Debug|Any CPU
		{5FA41BAC-3128-4A17-ABA4-BE646A4C5C76}.Debug|Any CPU.Build.0 = Debug|Any CPU
		{5FA41BAC-3128-4A17-ABA4-BE646A4C5C76}.Release|Any CPU.ActiveCfg = Release|Any CPU
		{5FA41BAC-3128-4A17-ABA4-BE646A4C5C76}.Release|Any CPU.Build.0 = Release|Any CPU
		{4C887ECA-54BC-4D37-A72F-EDE90433BE5C}.Debug|Any CPU.ActiveCfg = Debug|Any CPU
		{4C887ECA-54BC-4D37-A72F-EDE90433BE5C}.Debug|Any CPU.Build.0 = Debug|Any CPU
		{4C887ECA-54BC-4D37-A72F-EDE90433BE5C}.Release|Any CPU.ActiveCfg = Release|Any CPU
		{4C887ECA-54BC-4D37-A72F-EDE90433BE5C}.Release|Any CPU.Build.0 = Release|Any CPU
		{285BFA72-B8ED-40FA-B457-7FCF8B89E122}.Debug|Any CPU.ActiveCfg = Debug|Any CPU
		{285BFA72-B8ED-40FA-B457-7FCF8B89E122}.Debug|Any CPU.Build.0 = Debug|Any CPU
		{285BFA72-B8ED-40FA-B457-7FCF8B89E122}.Release|Any CPU.ActiveCfg = Release|Any CPU
		{285BFA72-B8ED-40FA-B457-7FCF8B89E122}.Release|Any CPU.Build.0 = Release|Any CPU
		{65637B7B-F15A-4C40-A244-4B5FA4CB9489}.Debug|Any CPU.ActiveCfg = Debug|Any CPU
		{65637B7B-F15A-4C40-A244-4B5FA4CB9489}.Debug|Any CPU.Build.0 = Debug|Any CPU
		{65637B7B-F15A-4C40-A244-4B5FA4CB9489}.Release|Any CPU.ActiveCfg = Release|Any CPU
		{65637B7B-F15A-4C40-A244-4B5FA4CB9489}.Release|Any CPU.Build.0 = Release|Any CPU
		{EDC3BCAC-2558-45EB-A007-7F9CA4B0A0E1}.Debug|Any CPU.ActiveCfg = Debug|Any CPU
		{EDC3BCAC-2558-45EB-A007-7F9CA4B0A0E1}.Debug|Any CPU.Build.0 = Debug|Any CPU
		{EDC3BCAC-2558-45EB-A007-7F9CA4B0A0E1}.Release|Any CPU.ActiveCfg = Release|Any CPU
		{EDC3BCAC-2558-45EB-A007-7F9CA4B0A0E1}.Release|Any CPU.Build.0 = Release|Any CPU
	EndGlobalSection
	GlobalSection(SolutionProperties) = preSolution
		HideSolutionNode = FALSE
	EndGlobalSection
	GlobalSection(NestedProjects) = preSolution
		{5FA41BAC-3128-4A17-ABA4-BE646A4C5C76} = {65B955C1-324A-4268-B4BA-C8DDD564461C}
		{4C887ECA-54BC-4D37-A72F-EDE90433BE5C} = {65B955C1-324A-4268-B4BA-C8DDD564461C}
		{285BFA72-B8ED-40FA-B457-7FCF8B89E122} = {59DB14C5-65ED-4402-87DA-AB272AE2C0FC}
		{65637B7B-F15A-4C40-A244-4B5FA4CB9489} = {59DB14C5-65ED-4402-87DA-AB272AE2C0FC}
		{EDC3BCAC-2558-45EB-A007-7F9CA4B0A0E1} = {59DB14C5-65ED-4402-87DA-AB272AE2C0FC}
		{DD07F0EA-F8AA-443F-8EFB-974E48564B80} = {B99CC9C5-0E43-4CD9-B39B-9AC298FD66B6}
	EndGlobalSection
	GlobalSection(ExtensibilityGlobals) = postSolution
		SolutionGuid = {F5547EB9-B5CE-4982-9DB2-BBF5E12453E9}
	EndGlobalSection
EndGlobal
